
Microsoft Visual Studio Solution File, Format Version 12.00
# Visual Studio Version 16
VisualStudioVersion = 16.0.29503.13
MinimumVisualStudioVersion = 10.0.40219.1
Project("{FAE04EC0-301F-11D3-BF4B-00C04F79EFBC}") = "Zadanie_4", "Zadanie_4\Zadanie_4.csproj", "{3FAFCAD3-1B21-4B35-AAA3-131ACABAD1EA}"
EndProject
Global
	GlobalSection(SolutionConfigurationPlatforms) = preSolution
		Debug|Any CPU = Debug|Any CPU
		Release|Any CPU = Release|Any CPU
	EndGlobalSection
	GlobalSection(ProjectConfigurationPlatforms) = postSolution
		{3FAFCAD3-1B21-4B35-AAA3-131ACABAD1EA}.Debug|Any CPU.ActiveCfg = Debug|Any CPU
		{3FAFCAD3-1B21-4B35-AAA3-131ACABAD1EA}.Debug|Any CPU.Build.0 = Debug|Any CPU
		{3FAFCAD3-1B21-4B35-AAA3-131ACABAD1EA}.Release|Any CPU.ActiveCfg = Release|Any CPU
		{3FAFCAD3-1B21-4B35-AAA3-131ACABAD1EA}.Release|Any CPU.Build.0 = Release|Any CPU
	EndGlobalSection
	GlobalSection(SolutionProperties) = preSolution
		HideSolutionNode = FALSE
	EndGlobalSection
	GlobalSection(ExtensibilityGlobals) = postSolution
		SolutionGuid = {69678075-C4C3-4BE2-8AEA-64C130F0E10B}
	EndGlobalSection
EndGlobal
